
Microsoft Visual Studio Solution File, Format Version 12.00
# Visual Studio Version 16
VisualStudioVersion = 16.0.29709.97
MinimumVisualStudioVersion = 10.0.40219.1
Project("{FAE04EC0-301F-11D3-BF4B-00C04F79EFBC}") = "GigHub", "GigHub\GigHub.csproj", "{1411EF28-3F0B-479E-A5AE-BC5618AF492A}"
EndProject
Global
	GlobalSection(SolutionConfigurationPlatforms) = preSolution
		Debug|Any CPU = Debug|Any CPU
		Release|Any CPU = Release|Any CPU
	EndGlobalSection
	GlobalSection(ProjectConfigurationPlatforms) = postSolution
		{1411EF28-3F0B-479E-A5AE-BC5618AF492A}.Debug|Any CPU.ActiveCfg = Debug|Any CPU
		{1411EF28-3F0B-479E-A5AE-BC5618AF492A}.Debug|Any CPU.Build.0 = Debug|Any CPU
		{1411EF28-3F0B-479E-A5AE-BC5618AF492A}.Release|Any CPU.ActiveCfg = Release|Any CPU
		{1411EF28-3F0B-479E-A5AE-BC5618AF492A}.Release|Any CPU.Build.0 = Release|Any CPU
	EndGlobalSection
	GlobalSection(SolutionProperties) = preSolution
		HideSolutionNode = FALSE
	EndGlobalSection
	GlobalSection(ExtensibilityGlobals) = postSolution
		SolutionGuid = {CF1A79EE-CCCE-4ED7-84D3-EFF6DF53BBB7}
	EndGlobalSection
EndGlobal
